
Microsoft Visual Studio Solution File, Format Version 12.00
# Visual Studio Version 17
VisualStudioVersion = 17.9.34723.18
MinimumVisualStudioVersion = 10.0.40219.1
Project("{FAE04EC0-301F-11D3-BF4B-00C04F79EFBC}") = "VanNguyen-SimpleASP.NET", "VanNguyen-SimpleASP.NET.csproj", "{FFD2503C-8F8C-4A82-86EB-62A02A8FEC96}"
EndProject
Project("{2150E333-8FDC-42A3-9474-1A3956D46DE8}") = "Solution Items", "Solution Items", "{6AA2FF62-9456-4BEE-9BF1-45D2616A67F5}"
	ProjectSection(SolutionItems) = preProject
		.gitignore = .gitignore
	EndProjectSection
EndProject
Global
	GlobalSection(SolutionConfigurationPlatforms) = preSolution
		Debug|Any CPU = Debug|Any CPU
		Release|Any CPU = Release|Any CPU
	EndGlobalSection
	GlobalSection(ProjectConfigurationPlatforms) = postSolution
		{FFD2503C-8F8C-4A82-86EB-62A02A8FEC96}.Debug|Any CPU.ActiveCfg = Debug|Any CPU
		{FFD2503C-8F8C-4A82-86EB-62A02A8FEC96}.Debug|Any CPU.Build.0 = Debug|Any CPU
		{FFD2503C-8F8C-4A82-86EB-62A02A8FEC96}.Release|Any CPU.ActiveCfg = Release|Any CPU
		{FFD2503C-8F8C-4A82-86EB-62A02A8FEC96}.Release|Any CPU.Build.0 = Release|Any CPU
	EndGlobalSection
	GlobalSection(SolutionProperties) = preSolution
		HideSolutionNode = FALSE
	EndGlobalSection
	GlobalSection(ExtensibilityGlobals) = postSolution
		SolutionGuid = {2C3B1069-082B-4935-B09C-6D60A40AAAB2}
	EndGlobalSection
EndGlobal
